// !$*UTF8*$!
{
	archiveVersion = 1;
	classes = {
	};
	objectVersion = 46;
	objects = {

/* Begin PBXBuildFile section */
		33190E4B2273553F00F9D05A /* ylist2012.plist in Resources */ = {isa = PBXBuildFile; fileRef = 33190E362273553D00F9D05A /* ylist2012.plist */; };
		33190E4C2273553F00F9D05A /* ylist2015.plist in Resources */ = {isa = PBXBuildFile; fileRef = 33190E372273553D00F9D05A /* ylist2015.plist */; };
		33190E4D2273553F00F9D05A /* ylist2018.plist in Resources */ = {isa = PBXBuildFile; fileRef = 33190E382273553D00F9D05A /* ylist2018.plist */; };
		33190E4E2273553F00F9D05A /* ylist2014.plist in Resources */ = {isa = PBXBuildFile; fileRef = 33190E392273553D00F9D05A /* ylist2014.plist */; };
		33190E4F2273553F00F9D05A /* ylist2017.plist in Resources */ = {isa = PBXBuildFile; fileRef = 33190E3A2273553D00F9D05A /* ylist2017.plist */; };
		33190E502273553F00F9D05A /* ylist1999.plist in Resources */ = {isa = PBXBuildFile; fileRef = 33190E3B2273553D00F9D05A /* ylist1999.plist */; };
		33190E512273553F00F9D05A /* ylist1998.plist in Resources */ = {isa = PBXBuildFile; fileRef = 33190E3C2273553E00F9D05A /* ylist1998.plist */; };
		33190E522273553F00F9D05A /* ylist2001.plist in Resources */ = {isa = PBXBuildFile; fileRef = 33190E3D2273553E00F9D05A /* ylist2001.plist */; };
		33190E532273553F00F9D05A /* ylist2000.plist in Resources */ = {isa = PBXBuildFile; fileRef = 33190E3E2273553E00F9D05A /* ylist2000.plist */; };
		33190E542273553F00F9D05A /* ylist2003.plist in Resources */ = {isa = PBXBuildFile; fileRef = 33190E3F2273553E00F9D05A /* ylist2003.plist */; };
		33190E552273553F00F9D05A /* ylist2011.plist in Resources */ = {isa = PBXBuildFile; fileRef = 33190E402273553E00F9D05A /* ylist2011.plist */; };
		33190E562273553F00F9D05A /* ylist2002.plist in Resources */ = {isa = PBXBuildFile; fileRef = 33190E412273553E00F9D05A /* ylist2002.plist */; };
		33190E572273553F00F9D05A /* ylist2004.plist in Resources */ = {isa = PBXBuildFile; fileRef = 33190E422273553E00F9D05A /* ylist2004.plist */; };
		33190E582273553F00F9D05A /* ylist2006.plist in Resources */ = {isa = PBXBuildFile; fileRef = 33190E432273553E00F9D05A /* ylist2006.plist */; };
		33190E592273553F00F9D05A /* ylist2009.plist in Resources */ = {isa = PBXBuildFile; fileRef = 33190E442273553E00F9D05A /* ylist2009.plist */; };
		33190E5A2273553F00F9D05A /* ylist2013.plist in Resources */ = {isa = PBXBuildFile; fileRef = 33190E452273553E00F9D05A /* ylist2013.plist */; };
		33190E5B2273553F00F9D05A /* ylist2016.plist in Resources */ = {isa = PBXBuildFile; fileRef = 33190E462273553E00F9D05A /* ylist2016.plist */; };
		33190E5C2273553F00F9D05A /* ylist2007.plist in Resources */ = {isa = PBXBuildFile; fileRef = 33190E472273553E00F9D05A /* ylist2007.plist */; };
		33190E5D2273553F00F9D05A /* ylist2010.plist in Resources */ = {isa = PBXBuildFile; fileRef = 33190E482273553F00F9D05A /* ylist2010.plist */; };
		33190E5E2273553F00F9D05A /* ylist2008.plist in Resources */ = {isa = PBXBuildFile; fileRef = 33190E492273553F00F9D05A /* ylist2008.plist */; };
		33190E5F2273553F00F9D05A /* ylist2005.plist in Resources */ = {isa = PBXBuildFile; fileRef = 33190E4A2273553F00F9D05A /* ylist2005.plist */; };
		334203C413AD9B13000B8AC6 /* UIKit.framework in Frameworks */ = {isa = PBXBuildFile; fileRef = 334203C313AD9B13000B8AC6 /* UIKit.framework */; };
		334203C613AD9B13000B8AC6 /* Foundation.framework in Frameworks */ = {isa = PBXBuildFile; fileRef = 334203C513AD9B13000B8AC6 /* Foundation.framework */; };
		334203C813AD9B13000B8AC6 /* CoreGraphics.framework in Frameworks */ = {isa = PBXBuildFile; fileRef = 334203C713AD9B13000B8AC6 /* CoreGraphics.framework */; };
		334203CE13AD9B13000B8AC6 /* InfoPlist.strings in Resources */ = {isa = PBXBuildFile; fileRef = 334203CC13AD9B13000B8AC6 /* InfoPlist.strings */; };
		334203D113AD9B13000B8AC6 /* main.m in Sources */ = {isa = PBXBuildFile; fileRef = 334203D013AD9B13000B8AC6 /* main.m */; };
		334203D413AD9B13000B8AC6 /* StringsAppDelegate.m in Sources */ = {isa = PBXBuildFile; fileRef = 334203D313AD9B13000B8AC6 /* StringsAppDelegate.m */; };
		334203D713AD9B13000B8AC6 /* MainWindow.xib in Resources */ = {isa = PBXBuildFile; fileRef = 334203D513AD9B13000B8AC6 /* MainWindow.xib */; };
		334203DA13AD9B13000B8AC6 /* StringsViewController.m in Sources */ = {isa = PBXBuildFile; fileRef = 334203D913AD9B13000B8AC6 /* StringsViewController.m */; };
		334203DD13AD9B13000B8AC6 /* StringsViewController.xib in Resources */ = {isa = PBXBuildFile; fileRef = 334203DB13AD9B13000B8AC6 /* StringsViewController.xib */; };
		334203EA13AD9F07000B8AC6 /* Conferences.plist in Resources */ = {isa = PBXBuildFile; fileRef = 334203E913AD9F07000B8AC6 /* Conferences.plist */; };
		334203ED13ADA7C4000B8AC6 /* Chooser.m in Sources */ = {isa = PBXBuildFile; fileRef = 334203EC13ADA7C4000B8AC6 /* Chooser.m */; };
		3354FFD319699F7500BB9043 /* Images.xcassets in Resources */ = {isa = PBXBuildFile; fileRef = 3354FFD219699F7500BB9043 /* Images.xcassets */; };
		3381F68613ADB8AE00725323 /* Downloader.m in Sources */ = {isa = PBXBuildFile; fileRef = 3381F68513ADB8AE00725323 /* Downloader.m */; };
		338DB0B8230A9A5E00FBF1FF /* ylist2019.plist in Resources */ = {isa = PBXBuildFile; fileRef = 338DB0B7230A9A5E00FBF1FF /* ylist2019.plist */; };
		33B427E52272C60500F4387C /* Launch Screen.storyboard in Resources */ = {isa = PBXBuildFile; fileRef = 33B427E42272C60500F4387C /* Launch Screen.storyboard */; };
		33D884DA13C4B36A0089CFE7 /* Reachability.m in Sources */ = {isa = PBXBuildFile; fileRef = 33D884D913C4B36A0089CFE7 /* Reachability.m */; };
		33D884E213C4B49C0089CFE7 /* SystemConfiguration.framework in Frameworks */ = {isa = PBXBuildFile; fileRef = 33D884E113C4B49C0089CFE7 /* SystemConfiguration.framework */; };
/* End PBXBuildFile section */

/* Begin PBXFileReference section */
		33190E362273553D00F9D05A /* ylist2012.plist */ = {isa = PBXFileReference; lastKnownFileType = text.plist; path = ylist2012.plist; sourceTree = "<group>"; };
		33190E372273553D00F9D05A /* ylist2015.plist */ = {isa = PBXFileReference; lastKnownFileType = text.plist; path = ylist2015.plist; sourceTree = "<group>"; };
		33190E382273553D00F9D05A /* ylist2018.plist */ = {isa = PBXFileReference; lastKnownFileType = text.plist; path = ylist2018.plist; sourceTree = "<group>"; };
		33190E392273553D00F9D05A /* ylist2014.plist */ = {isa = PBXFileReference; lastKnownFileType = text.plist; path = ylist2014.plist; sourceTree = "<group>"; };
		33190E3A2273553D00F9D05A /* ylist2017.plist */ = {isa = PBXFileReference; lastKnownFileType = text.plist; path = ylist2017.plist; sourceTree = "<group>"; };
		33190E3B2273553D00F9D05A /* ylist1999.plist */ = {isa = PBXFileReference; fileEncoding = 4; lastKnownFileType = text.plist.xml; path = ylist1999.plist; sourceTree = "<group>"; };
		33190E3C2273553E00F9D05A /* ylist1998.plist */ = {isa = PBXFileReference; fileEncoding = 4; lastKnownFileType = text.plist.xml; path = ylist1998.plist; sourceTree = "<group>"; };
		33190E3D2273553E00F9D05A /* ylist2001.plist */ = {isa = PBXFileReference; fileEncoding = 4; lastKnownFileType = text.plist.xml; path = ylist2001.plist; sourceTree = "<group>"; };
		33190E3E2273553E00F9D05A /* ylist2000.plist */ = {isa = PBXFileReference; fileEncoding = 4; lastKnownFileType = text.plist.xml; path = ylist2000.plist; sourceTree = "<group>"; };
		33190E3F2273553E00F9D05A /* ylist2003.plist */ = {isa = PBXFileReference; fileEncoding = 4; lastKnownFileType = text.plist.xml; path = ylist2003.plist; sourceTree = "<group>"; };
		33190E402273553E00F9D05A /* ylist2011.plist */ = {isa = PBXFileReference; fileEncoding = 4; lastKnownFileType = text.plist.xml; path = ylist2011.plist; sourceTree = "<group>"; };
		33190E412273553E00F9D05A /* ylist2002.plist */ = {isa = PBXFileReference; fileEncoding = 4; lastKnownFileType = text.plist.xml; path = ylist2002.plist; sourceTree = "<group>"; };
		33190E422273553E00F9D05A /* ylist2004.plist */ = {isa = PBXFileReference; fileEncoding = 4; lastKnownFileType = text.plist.xml; path = ylist2004.plist; sourceTree = "<group>"; };
		33190E432273553E00F9D05A /* ylist2006.plist */ = {isa = PBXFileReference; fileEncoding = 4; lastKnownFileType = text.plist.xml; path = ylist2006.plist; sourceTree = "<group>"; };
		33190E442273553E00F9D05A /* ylist2009.plist */ = {isa = PBXFileReference; fileEncoding = 4; lastKnownFileType = text.plist.xml; path = ylist2009.plist; sourceTree = "<group>"; };
		33190E452273553E00F9D05A /* ylist2013.plist */ = {isa = PBXFileReference; lastKnownFileType = text.plist; path = ylist2013.plist; sourceTree = "<group>"; };
		33190E462273553E00F9D05A /* ylist2016.plist */ = {isa = PBXFileReference; lastKnownFileType = text.plist; path = ylist2016.plist; sourceTree = "<group>"; };
		33190E472273553E00F9D05A /* ylist2007.plist */ = {isa = PBXFileReference; fileEncoding = 4; lastKnownFileType = text.plist.xml; path = ylist2007.plist; sourceTree = "<group>"; };
		33190E482273553F00F9D05A /* ylist2010.plist */ = {isa = PBXFileReference; fileEncoding = 4; lastKnownFileType = text.plist.xml; path = ylist2010.plist; sourceTree = "<group>"; };
		33190E492273553F00F9D05A /* ylist2008.plist */ = {isa = PBXFileReference; fileEncoding = 4; lastKnownFileType = text.plist.xml; path = ylist2008.plist; sourceTree = "<group>"; };
		33190E4A2273553F00F9D05A /* ylist2005.plist */ = {isa = PBXFileReference; fileEncoding = 4; lastKnownFileType = text.plist.xml; path = ylist2005.plist; sourceTree = "<group>"; };
		334203BF13AD9B13000B8AC6 /* Strings.app */ = {isa = PBXFileReference; explicitFileType = wrapper.application; includeInIndex = 0; path = Strings.app; sourceTree = BUILT_PRODUCTS_DIR; };
		334203C313AD9B13000B8AC6 /* UIKit.framework */ = {isa = PBXFileReference; lastKnownFileType = wrapper.framework; name = UIKit.framework; path = System/Library/Frameworks/UIKit.framework; sourceTree = SDKROOT; };
		334203C513AD9B13000B8AC6 /* Foundation.framework */ = {isa = PBXFileReference; lastKnownFileType = wrapper.framework; name = Foundation.framework; path = System/Library/Frameworks/Foundation.framework; sourceTree = SDKROOT; };
		334203C713AD9B13000B8AC6 /* CoreGraphics.framework */ = {isa = PBXFileReference; lastKnownFileType = wrapper.framework; name = CoreGraphics.framework; path = System/Library/Frameworks/CoreGraphics.framework; sourceTree = SDKROOT; };
		334203CB13AD9B13000B8AC6 /* Strings-Info.plist */ = {isa = PBXFileReference; lastKnownFileType = text.plist.xml; path = "Strings-Info.plist"; sourceTree = "<group>"; };
		334203CD13AD9B13000B8AC6 /* en */ = {isa = PBXFileReference; lastKnownFileType = text.plist.strings; name = en; path = en.lproj/InfoPlist.strings; sourceTree = "<group>"; };
		334203CF13AD9B13000B8AC6 /* Strings-Prefix.pch */ = {isa = PBXFileReference; lastKnownFileType = sourcecode.c.h; path = "Strings-Prefix.pch"; sourceTree = "<group>"; };
		334203D013AD9B13000B8AC6 /* main.m */ = {isa = PBXFileReference; lastKnownFileType = sourcecode.c.objc; path = main.m; sourceTree = "<group>"; };
		334203D213AD9B13000B8AC6 /* StringsAppDelegate.h */ = {isa = PBXFileReference; lastKnownFileType = sourcecode.c.h; path = StringsAppDelegate.h; sourceTree = "<group>"; };
		334203D313AD9B13000B8AC6 /* StringsAppDelegate.m */ = {isa = PBXFileReference; lastKnownFileType = sourcecode.c.objc; path = StringsAppDelegate.m; sourceTree = "<group>"; };
		334203D813AD9B13000B8AC6 /* StringsViewController.h */ = {isa = PBXFileReference; lastKnownFileType = sourcecode.c.h; path = StringsViewController.h; sourceTree = "<group>"; };
		334203D913AD9B13000B8AC6 /* StringsViewController.m */ = {isa = PBXFileReference; lastKnownFileType = sourcecode.c.objc; path = StringsViewController.m; sourceTree = "<group>"; };
		334203E913AD9F07000B8AC6 /* Conferences.plist */ = {isa = PBXFileReference; fileEncoding = 4; lastKnownFileType = text.plist.xml; path = Conferences.plist; sourceTree = "<group>"; };
		334203EB13ADA7C4000B8AC6 /* Chooser.h */ = {isa = PBXFileReference; fileEncoding = 4; lastKnownFileType = sourcecode.c.h; path = Chooser.h; sourceTree = "<group>"; };
		334203EC13ADA7C4000B8AC6 /* Chooser.m */ = {isa = PBXFileReference; fileEncoding = 4; lastKnownFileType = sourcecode.c.objc; path = Chooser.m; sourceTree = "<group>"; };
		3354FFD219699F7500BB9043 /* Images.xcassets */ = {isa = PBXFileReference; lastKnownFileType = folder.assetcatalog; path = Images.xcassets; sourceTree = "<group>"; };
		33553038227548B00021F758 /* Strings.entitlements */ = {isa = PBXFileReference; lastKnownFileType = text.plist.entitlements; path = Strings.entitlements; sourceTree = "<group>"; };
		3381F68413ADB8AE00725323 /* Downloader.h */ = {isa = PBXFileReference; fileEncoding = 4; lastKnownFileType = sourcecode.c.h; path = Downloader.h; sourceTree = "<group>"; };
		3381F68513ADB8AE00725323 /* Downloader.m */ = {isa = PBXFileReference; fileEncoding = 4; lastKnownFileType = sourcecode.c.objc; path = Downloader.m; sourceTree = "<group>"; };
		338DB0B7230A9A5E00FBF1FF /* ylist2019.plist */ = {isa = PBXFileReference; lastKnownFileType = text.plist; path = ylist2019.plist; sourceTree = "<group>"; };
		33B427E42272C60500F4387C /* Launch Screen.storyboard */ = {isa = PBXFileReference; lastKnownFileType = file.storyboard; name = "Launch Screen.storyboard"; path = "Strings/Launch Screen.storyboard"; sourceTree = "<group>"; };
		33B427E62272C85C00F4387C /* Base */ = {isa = PBXFileReference; lastKnownFileType = file.xib; name = Base; path = Base.lproj/MainWindow.xib; sourceTree = "<group>"; };
		33B427E72272C85C00F4387C /* Base */ = {isa = PBXFileReference; lastKnownFileType = file.xib; name = Base; path = Base.lproj/StringsViewController.xib; sourceTree = "<group>"; };
		33D884D813C4B36A0089CFE7 /* Reachability.h */ = {isa = PBXFileReference; fileEncoding = 4; lastKnownFileType = sourcecode.c.h; path = Reachability.h; sourceTree = "<group>"; };
		33D884D913C4B36A0089CFE7 /* Reachability.m */ = {isa = PBXFileReference; fileEncoding = 4; lastKnownFileType = sourcecode.c.objc; path = Reachability.m; sourceTree = "<group>"; };
		33D884E113C4B49C0089CFE7 /* SystemConfiguration.framework */ = {isa = PBXFileReference; lastKnownFileType = wrapper.framework; name = SystemConfiguration.framework; path = System/Library/Frameworks/SystemConfiguration.framework; sourceTree = SDKROOT; };
/* End PBXFileReference section */

/* Begin PBXFrameworksBuildPhase section */
		334203BC13AD9B13000B8AC6 /* Frameworks */ = {
			isa = PBXFrameworksBuildPhase;
			buildActionMask = 2147483647;
			files = (
				334203C413AD9B13000B8AC6 /* UIKit.framework in Frameworks */,
				334203C613AD9B13000B8AC6 /* Foundation.framework in Frameworks */,
				334203C813AD9B13000B8AC6 /* CoreGraphics.framework in Frameworks */,
				33D884E213C4B49C0089CFE7 /* SystemConfiguration.framework in Frameworks */,
			);
			runOnlyForDeploymentPostprocessing = 0;
		};
/* End PBXFrameworksBuildPhase section */

/* Begin PBXGroup section */
		33190E352273551300F9D05A /* plists */ = {
			isa = PBXGroup;
			children = (
				33190E3C2273553E00F9D05A /* ylist1998.plist */,
				33190E3B2273553D00F9D05A /* ylist1999.plist */,
				338DB0B7230A9A5E00FBF1FF /* ylist2019.plist */,
				33190E3E2273553E00F9D05A /* ylist2000.plist */,
				33190E3D2273553E00F9D05A /* ylist2001.plist */,
				33190E412273553E00F9D05A /* ylist2002.plist */,
				33190E3F2273553E00F9D05A /* ylist2003.plist */,
				33190E422273553E00F9D05A /* ylist2004.plist */,
				33190E4A2273553F00F9D05A /* ylist2005.plist */,
				33190E432273553E00F9D05A /* ylist2006.plist */,
				33190E472273553E00F9D05A /* ylist2007.plist */,
				33190E492273553F00F9D05A /* ylist2008.plist */,
				33190E442273553E00F9D05A /* ylist2009.plist */,
				33190E482273553F00F9D05A /* ylist2010.plist */,
				33190E402273553E00F9D05A /* ylist2011.plist */,
				33190E362273553D00F9D05A /* ylist2012.plist */,
				33190E452273553E00F9D05A /* ylist2013.plist */,
				33190E392273553D00F9D05A /* ylist2014.plist */,
				33190E372273553D00F9D05A /* ylist2015.plist */,
				33190E462273553E00F9D05A /* ylist2016.plist */,
				33190E3A2273553D00F9D05A /* ylist2017.plist */,
				33190E382273553D00F9D05A /* ylist2018.plist */,
			);
			path = plists;
			sourceTree = "<group>";
		};
		334203B413AD9B13000B8AC6 = {
			isa = PBXGroup;
			children = (
				33B427E42272C60500F4387C /* Launch Screen.storyboard */,
				334203C913AD9B13000B8AC6 /* Strings */,
				334203C213AD9B13000B8AC6 /* Frameworks */,
				334203C013AD9B13000B8AC6 /* Products */,
			);
			sourceTree = "<group>";
		};
		334203C013AD9B13000B8AC6 /* Products */ = {
			isa = PBXGroup;
			children = (
				334203BF13AD9B13000B8AC6 /* Strings.app */,
			);
			name = Products;
			sourceTree = "<group>";
		};
		334203C213AD9B13000B8AC6 /* Frameworks */ = {
			isa = PBXGroup;
			children = (
				33D884E113C4B49C0089CFE7 /* SystemConfiguration.framework */,
				334203C313AD9B13000B8AC6 /* UIKit.framework */,
				334203C513AD9B13000B8AC6 /* Foundation.framework */,
				334203C713AD9B13000B8AC6 /* CoreGraphics.framework */,
			);
			name = Frameworks;
			sourceTree = "<group>";
		};
		334203C913AD9B13000B8AC6 /* Strings */ = {
			isa = PBXGroup;
			children = (
				33553038227548B00021F758 /* Strings.entitlements */,
				33190E352273551300F9D05A /* plists */,
				33D884D813C4B36A0089CFE7 /* Reachability.h */,
				33D884D913C4B36A0089CFE7 /* Reachability.m */,
				334203D213AD9B13000B8AC6 /* StringsAppDelegate.h */,
				334203D313AD9B13000B8AC6 /* StringsAppDelegate.m */,
				334203D513AD9B13000B8AC6 /* MainWindow.xib */,
				334203D813AD9B13000B8AC6 /* StringsViewController.h */,
				334203D913AD9B13000B8AC6 /* StringsViewController.m */,
				334203DB13AD9B13000B8AC6 /* StringsViewController.xib */,
				334203CA13AD9B13000B8AC6 /* Supporting Files */,
				334203E913AD9F07000B8AC6 /* Conferences.plist */,
				334203EB13ADA7C4000B8AC6 /* Chooser.h */,
				334203EC13ADA7C4000B8AC6 /* Chooser.m */,
				3381F68413ADB8AE00725323 /* Downloader.h */,
				3381F68513ADB8AE00725323 /* Downloader.m */,
				3354FFD219699F7500BB9043 /* Images.xcassets */,
			);
			path = Strings;
			sourceTree = "<group>";
		};
		334203CA13AD9B13000B8AC6 /* Supporting Files */ = {
			isa = PBXGroup;
			children = (
				334203CB13AD9B13000B8AC6 /* Strings-Info.plist */,
				334203CC13AD9B13000B8AC6 /* InfoPlist.strings */,
				334203CF13AD9B13000B8AC6 /* Strings-Prefix.pch */,
				334203D013AD9B13000B8AC6 /* main.m */,
			);
			name = "Supporting Files";
			sourceTree = "<group>";
		};
/* End PBXGroup section */

/* Begin PBXNativeTarget section */
		334203BE13AD9B13000B8AC6 /* Strings */ = {
			isa = PBXNativeTarget;
			buildConfigurationList = 334203E013AD9B13000B8AC6 /* Build configuration list for PBXNativeTarget "Strings" */;
			buildPhases = (
				334203BB13AD9B13000B8AC6 /* Sources */,
				334203BC13AD9B13000B8AC6 /* Frameworks */,
				334203BD13AD9B13000B8AC6 /* Resources */,
			);
			buildRules = (
			);
			dependencies = (
			);
			name = Strings;
			productName = Strings;
			productReference = 334203BF13AD9B13000B8AC6 /* Strings.app */;
			productType = "com.apple.product-type.application";
		};
/* End PBXNativeTarget section */

/* Begin PBXProject section */
		334203B613AD9B13000B8AC6 /* Project object */ = {
			isa = PBXProject;
			attributes = {
				LastUpgradeCheck = 0830;
				ORGANIZATIONNAME = "東京大学";
				TargetAttributes = {
					334203BE13AD9B13000B8AC6 = {
						DevelopmentTeam = 95AQ7YKR5A;
						ProvisioningStyle = Automatic;
						SystemCapabilities = {
							com.apple.AccessWiFi = {
								enabled = 0;
							};
						};
					};
				};
			};
			buildConfigurationList = 334203B913AD9B13000B8AC6 /* Build configuration list for PBXProject "Strings" */;
			compatibilityVersion = "Xcode 3.2";
			developmentRegion = en;
			hasScannedForEncodings = 0;
			knownRegions = (
				en,
				Base,
			);
			mainGroup = 334203B413AD9B13000B8AC6;
			productRefGroup = 334203C013AD9B13000B8AC6 /* Products */;
			projectDirPath = "";
			projectRoot = "";
			targets = (
				334203BE13AD9B13000B8AC6 /* Strings */,
			);
		};
/* End PBXProject section */

/* Begin PBXResourcesBuildPhase section */
		334203BD13AD9B13000B8AC6 /* Resources */ = {
			isa = PBXResourcesBuildPhase;
			buildActionMask = 2147483647;
			files = (
				33190E5A2273553F00F9D05A /* ylist2013.plist in Resources */,
				33190E5D2273553F00F9D05A /* ylist2010.plist in Resources */,
				33190E572273553F00F9D05A /* ylist2004.plist in Resources */,
				33190E532273553F00F9D05A /* ylist2000.plist in Resources */,
				33190E542273553F00F9D05A /* ylist2003.plist in Resources */,
				33190E4C2273553F00F9D05A /* ylist2015.plist in Resources */,
				338DB0B8230A9A5E00FBF1FF /* ylist2019.plist in Resources */,
				33190E592273553F00F9D05A /* ylist2009.plist in Resources */,
				33190E5C2273553F00F9D05A /* ylist2007.plist in Resources */,
				33190E5F2273553F00F9D05A /* ylist2005.plist in Resources */,
				33190E5E2273553F00F9D05A /* ylist2008.plist in Resources */,
				334203CE13AD9B13000B8AC6 /* InfoPlist.strings in Resources */,
				334203D713AD9B13000B8AC6 /* MainWindow.xib in Resources */,
				33190E522273553F00F9D05A /* ylist2001.plist in Resources */,
				33190E4B2273553F00F9D05A /* ylist2012.plist in Resources */,
				33190E4E2273553F00F9D05A /* ylist2014.plist in Resources */,
				33190E4D2273553F00F9D05A /* ylist2018.plist in Resources */,
				334203DD13AD9B13000B8AC6 /* StringsViewController.xib in Resources */,
				33190E4F2273553F00F9D05A /* ylist2017.plist in Resources */,
				334203EA13AD9F07000B8AC6 /* Conferences.plist in Resources */,
				33190E502273553F00F9D05A /* ylist1999.plist in Resources */,
				33190E552273553F00F9D05A /* ylist2011.plist in Resources */,
				33190E582273553F00F9D05A /* ylist2006.plist in Resources */,
				33190E512273553F00F9D05A /* ylist1998.plist in Resources */,
				3354FFD319699F7500BB9043 /* Images.xcassets in Resources */,
				33B427E52272C60500F4387C /* Launch Screen.storyboard in Resources */,
				33190E562273553F00F9D05A /* ylist2002.plist in Resources */,
				33190E5B2273553F00F9D05A /* ylist2016.plist in Resources */,
			);
			runOnlyForDeploymentPostprocessing = 0;
		};
/* End PBXResourcesBuildPhase section */

/* Begin PBXSourcesBuildPhase section */
		334203BB13AD9B13000B8AC6 /* Sources */ = {
			isa = PBXSourcesBuildPhase;
			buildActionMask = 2147483647;
			files = (
				334203D113AD9B13000B8AC6 /* main.m in Sources */,
				334203D413AD9B13000B8AC6 /* StringsAppDelegate.m in Sources */,
				334203DA13AD9B13000B8AC6 /* StringsViewController.m in Sources */,
				334203ED13ADA7C4000B8AC6 /* Chooser.m in Sources */,
				3381F68613ADB8AE00725323 /* Downloader.m in Sources */,
				33D884DA13C4B36A0089CFE7 /* Reachability.m in Sources */,
			);
			runOnlyForDeploymentPostprocessing = 0;
		};
/* End PBXSourcesBuildPhase section */

/* Begin PBXVariantGroup section */
		334203CC13AD9B13000B8AC6 /* InfoPlist.strings */ = {
			isa = PBXVariantGroup;
			children = (
				334203CD13AD9B13000B8AC6 /* en */,
			);
			name = InfoPlist.strings;
			sourceTree = "<group>";
		};
		334203D513AD9B13000B8AC6 /* MainWindow.xib */ = {
			isa = PBXVariantGroup;
			children = (
				33B427E62272C85C00F4387C /* Base */,
			);
			name = MainWindow.xib;
			sourceTree = "<group>";
		};
		334203DB13AD9B13000B8AC6 /* StringsViewController.xib */ = {
			isa = PBXVariantGroup;
			children = (
				33B427E72272C85C00F4387C /* Base */,
			);
			name = StringsViewController.xib;
			sourceTree = "<group>";
		};
/* End PBXVariantGroup section */

/* Begin XCBuildConfiguration section */
		334203DE13AD9B13000B8AC6 /* Debug */ = {
			isa = XCBuildConfiguration;
			buildSettings = {
				CODE_SIGN_IDENTITY = "iPhone Developer";
				"CODE_SIGN_IDENTITY[sdk=iphoneos*]" = "iPhone Developer";
				ENABLE_TESTABILITY = YES;
				GCC_C_LANGUAGE_STANDARD = gnu99;
				GCC_OPTIMIZATION_LEVEL = 0;
				GCC_PREPROCESSOR_DEFINITIONS = DEBUG;
				GCC_SYMBOLS_PRIVATE_EXTERN = NO;
				GCC_VERSION = com.apple.compilers.llvmgcc42;
				GCC_WARN_ABOUT_RETURN_TYPE = YES;
				GCC_WARN_UNUSED_VARIABLE = YES;
				IPHONEOS_DEPLOYMENT_TARGET = 8.0;
				ONLY_ACTIVE_ARCH = YES;
				PROVISIONING_PROFILE = "";
				SDKROOT = iphoneos;
				TARGETED_DEVICE_FAMILY = 2;
			};
			name = Debug;
		};
		334203DF13AD9B13000B8AC6 /* Release */ = {
			isa = XCBuildConfiguration;
			buildSettings = {
				CODE_SIGN_IDENTITY = "iPhone Developer";
				"CODE_SIGN_IDENTITY[sdk=iphoneos*]" = "iPhone Developer";
				GCC_C_LANGUAGE_STANDARD = gnu99;
				GCC_VERSION = com.apple.compilers.llvmgcc42;
				GCC_WARN_ABOUT_RETURN_TYPE = YES;
				GCC_WARN_UNUSED_VARIABLE = YES;
				IPHONEOS_DEPLOYMENT_TARGET = 8.0;
				OTHER_CFLAGS = "-DNS_BLOCK_ASSERTIONS=1";
				PROVISIONING_PROFILE = "";
				SDKROOT = iphoneos;
				TARGETED_DEVICE_FAMILY = 2;
			};
			name = Release;
		};
		334203E113AD9B13000B8AC6 /* Debug */ = {
			isa = XCBuildConfiguration;
			buildSettings = {
				ALWAYS_SEARCH_USER_PATHS = NO;
				ASSETCATALOG_COMPILER_APPICON_NAME = AppIcon;
				CLANG_ENABLE_OBJC_ARC = YES;
				CODE_SIGN_ENTITLEMENTS = Strings/Strings.entitlements;
				CODE_SIGN_IDENTITY = "iPhone Developer";
				"CODE_SIGN_IDENTITY[sdk=iphoneos*]" = "iPhone Developer";
				CODE_SIGN_STYLE = Automatic;
				COPY_PHASE_STRIP = NO;
				CURRENT_PROJECT_VERSION = 2.2;
				DERIVE_MACCATALYST_PRODUCT_BUNDLE_IDENTIFIER = YES;
				DEVELOPMENT_TEAM = 95AQ7YKR5A;
				GCC_DYNAMIC_NO_PIC = NO;
				GCC_PRECOMPILE_PREFIX_HEADER = YES;
				GCC_PREFIX_HEADER = "Strings/Strings-Prefix.pch";
				GCC_VERSION = com.apple.compilers.llvm.clang.1_0;
				INFOPLIST_FILE = "Strings/Strings-Info.plist";
				IPHONEOS_DEPLOYMENT_TARGET = 11.0;
				MARKETING_VERSION = 2.2;
				PRODUCT_BUNDLE_IDENTIFIER = "com.yujitach.${PRODUCT_NAME:rfc1034identifier}";
				PRODUCT_NAME = "$(TARGET_NAME)";
				PROVISIONING_PROFILE = "";
				PROVISIONING_PROFILE_SPECIFIER = "";
				SUPPORTS_MACCATALYST = YES;
				TARGETED_DEVICE_FAMILY = "1,2";
				WRAPPER_EXTENSION = app;
			};
			name = Debug;
		};
		334203E213AD9B13000B8AC6 /* Release */ = {
			isa = XCBuildConfiguration;
			buildSettings = {
				ALWAYS_SEARCH_USER_PATHS = NO;
				ASSETCATALOG_COMPILER_APPICON_NAME = AppIcon;
				CLANG_ENABLE_OBJC_ARC = YES;
				CODE_SIGN_ENTITLEMENTS = Strings/Strings.entitlements;
				CODE_SIGN_IDENTITY = "iPhone Developer";
				"CODE_SIGN_IDENTITY[sdk=iphoneos*]" = "iPhone Developer";
				CODE_SIGN_STYLE = Automatic;
				COPY_PHASE_STRIP = YES;
				CURRENT_PROJECT_VERSION = 2.2;
				DERIVE_MACCATALYST_PRODUCT_BUNDLE_IDENTIFIER = YES;
				DEVELOPMENT_TEAM = 95AQ7YKR5A;
				GCC_PRECOMPILE_PREFIX_HEADER = YES;
				GCC_PREFIX_HEADER = "Strings/Strings-Prefix.pch";
				GCC_VERSION = com.apple.compilers.llvm.clang.1_0;
				INFOPLIST_FILE = "Strings/Strings-Info.plist";
				IPHONEOS_DEPLOYMENT_TARGET = 11.0;
				MARKETING_VERSION = 2.2;
				PRODUCT_BUNDLE_IDENTIFIER = "com.yujitach.${PRODUCT_NAME:rfc1034identifier}";
				PRODUCT_NAME = "$(TARGET_NAME)";
				PROVISIONING_PROFILE = "";
				"PROVISIONING_PROFILE[sdk=iphoneos*]" = "";
				PROVISIONING_PROFILE_SPECIFIER = "";
				SUPPORTS_MACCATALYST = YES;
				TARGETED_DEVICE_FAMILY = "1,2";
				VALIDATE_PRODUCT = YES;
				WRAPPER_EXTENSION = app;
			};
			name = Release;
		};
		3361215713B013A0004BB4A6 /* Distribution */ = {
			isa = XCBuildConfiguration;
			buildSettings = {
				CODE_SIGN_IDENTITY = "iPhone Developer";
				"CODE_SIGN_IDENTITY[sdk=iphoneos*]" = "iPhone Developer";
				GCC_C_LANGUAGE_STANDARD = gnu99;
				GCC_VERSION = com.apple.compilers.llvmgcc42;
				GCC_WARN_ABOUT_RETURN_TYPE = YES;
				GCC_WARN_UNUSED_VARIABLE = YES;
				IPHONEOS_DEPLOYMENT_TARGET = 8.0;
				OTHER_CFLAGS = "-DNS_BLOCK_ASSERTIONS=1";
				PROVISIONING_PROFILE = "";
				SDKROOT = iphoneos;
				TARGETED_DEVICE_FAMILY = 2;
			};
			name = Distribution;
		};
		3361215813B013A0004BB4A6 /* Distribution */ = {
			isa = XCBuildConfiguration;
			buildSettings = {
				ALWAYS_SEARCH_USER_PATHS = NO;
				ASSETCATALOG_COMPILER_APPICON_NAME = AppIcon;
				CLANG_ENABLE_OBJC_ARC = YES;
				CODE_SIGN_ENTITLEMENTS = Strings/Strings.entitlements;
				CODE_SIGN_IDENTITY = "iPhone Developer";
				"CODE_SIGN_IDENTITY[sdk=*]" = "iPhone Developer";
				"CODE_SIGN_IDENTITY[sdk=iphoneos*]" = "iPhone Developer";
				CODE_SIGN_STYLE = Automatic;
				COPY_PHASE_STRIP = YES;
				CURRENT_PROJECT_VERSION = 2.2;
				DERIVE_MACCATALYST_PRODUCT_BUNDLE_IDENTIFIER = YES;
				DEVELOPMENT_TEAM = 95AQ7YKR5A;
				GCC_PRECOMPILE_PREFIX_HEADER = YES;
				GCC_PREFIX_HEADER = "Strings/Strings-Prefix.pch";
				GCC_VERSION = com.apple.compilers.llvm.clang.1_0;
				INFOPLIST_FILE = "Strings/Strings-Info.plist";
				IPHONEOS_DEPLOYMENT_TARGET = 11.0;
				MARKETING_VERSION = 2.2;
				PRODUCT_BUNDLE_IDENTIFIER = "com.yujitach.${PRODUCT_NAME:rfc1034identifier}";
				PRODUCT_NAME = "$(TARGET_NAME)";
				PROVISIONING_PROFILE = "b4ff80cb-4ac3-475c-8d71-5922f955dbc0";
				"PROVISIONING_PROFILE[sdk=iphoneos*]" = "";
				PROVISIONING_PROFILE_SPECIFIER = "";
				SUPPORTS_MACCATALYST = YES;
				TARGETED_DEVICE_FAMILY = "1,2";
				VALIDATE_PRODUCT = YES;
				WRAPPER_EXTENSION = app;
			};
			name = Distribution;
		};
/* End XCBuildConfiguration section */

/* Begin XCConfigurationList section */
		334203B913AD9B13000B8AC6 /* Build configuration list for PBXProject "Strings" */ = {
			isa = XCConfigurationList;
			buildConfigurations = (
				334203DE13AD9B13000B8AC6 /* Debug */,
				334203DF13AD9B13000B8AC6 /* Release */,
				3361215713B013A0004BB4A6 /* Distribution */,
			);
			defaultConfigurationIsVisible = 0;
			defaultConfigurationName = Release;
		};
		334203E013AD9B13000B8AC6 /* Build configuration list for PBXNativeTarget "Strings" */ = {
			isa = XCConfigurationList;
			buildConfigurations = (
				334203E113AD9B13000B8AC6 /* Debug */,
				334203E213AD9B13000B8AC6 /* Release */,
				3361215813B013A0004BB4A6 /* Distribution */,
			);
			defaultConfigurationIsVisible = 0;
			defaultConfigurationName = Release;
		};
/* End XCConfigurationList section */
	};
	rootObject = 334203B613AD9B13000B8AC6 /* Project object */;
}
